// !$*UTF8*$!
{
	archiveVersion = 1;
	classes = {
	};
	objectVersion = 50;
	objects = {

/* Begin PBXBuildFile section */
		2C41554C22A7C62E00C51294 /* WalletKeystore.framework in Frameworks */ = {isa = PBXBuildFile; fileRef = 2C41554222A7C62E00C51294 /* WalletKeystore.framework */; };
		2C41555122A7C62E00C51294 /* WalletKeystoreTests.swift in Sources */ = {isa = PBXBuildFile; fileRef = 2C41555022A7C62E00C51294 /* WalletKeystoreTests.swift */; };
		2C41555322A7C62E00C51294 /* WalletKeystore.h in Headers */ = {isa = PBXBuildFile; fileRef = 2C41554522A7C62E00C51294 /* WalletKeystore.h */; settings = {ATTRIBUTES = (Public, ); }; };
		74C316A055122F5FA48D165A /* Pods_WalletKeystore.framework in Frameworks */ = {isa = PBXBuildFile; fileRef = 512A19DA06495113C8C154DF /* Pods_WalletKeystore.framework */; };
		841ABC6F22AE579300F664EE /* KeyStore.swift in Sources */ = {isa = PBXBuildFile; fileRef = 841ABC6722AE579200F664EE /* KeyStore.swift */; };
		841ABC7022AE579300F664EE /* ScryptParams.swift in Sources */ = {isa = PBXBuildFile; fileRef = 841ABC6822AE579200F664EE /* ScryptParams.swift */; };
		841ABC7122AE579300F664EE /* KeystoreKey.swift in Sources */ = {isa = PBXBuildFile; fileRef = 841ABC6922AE579200F664EE /* KeystoreKey.swift */; };
		841ABC7222AE579300F664EE /* KeyStore.Error.swift in Sources */ = {isa = PBXBuildFile; fileRef = 841ABC6A22AE579200F664EE /* KeyStore.Error.swift */; };
		841ABC7322AE579300F664EE /* KeystoreKeyHeader.swift in Sources */ = {isa = PBXBuildFile; fileRef = 841ABC6B22AE579300F664EE /* KeystoreKeyHeader.swift */; };
		841ABC7422AE579300F664EE /* Scrypt.swift in Sources */ = {isa = PBXBuildFile; fileRef = 841ABC6C22AE579300F664EE /* Scrypt.swift */; };
		841ABC7522AE579300F664EE /* Account.swift in Sources */ = {isa = PBXBuildFile; fileRef = 841ABC6D22AE579300F664EE /* Account.swift */; };
		841ABC7622AE579300F664EE /* Wallet.swift in Sources */ = {isa = PBXBuildFile; fileRef = 841ABC6E22AE579300F664EE /* Wallet.swift */; };
		F57010C1B3A01E8AB7FADE63 /* Pods_WalletKeystoreTests.framework in Frameworks */ = {isa = PBXBuildFile; fileRef = 60AAE5AEA49A39E96CDACD35 /* Pods_WalletKeystoreTests.framework */; };
/* End PBXBuildFile section */

/* Begin PBXContainerItemProxy section */
		2C41554D22A7C62E00C51294 /* PBXContainerItemProxy */ = {
			isa = PBXContainerItemProxy;
			containerPortal = 2C41553922A7C62E00C51294 /* Project object */;
			proxyType = 1;
			remoteGlobalIDString = 2C41554122A7C62E00C51294;
			remoteInfo = WalletKeystore;
		};
/* End PBXContainerItemProxy section */

/* Begin PBXFileReference section */
		2C41554222A7C62E00C51294 /* WalletKeystore.framework */ = {isa = PBXFileReference; explicitFileType = wrapper.framework; includeInIndex = 0; path = WalletKeystore.framework; sourceTree = BUILT_PRODUCTS_DIR; };
		2C41554522A7C62E00C51294 /* WalletKeystore.h */ = {isa = PBXFileReference; lastKnownFileType = sourcecode.c.h; path = WalletKeystore.h; sourceTree = "<group>"; };
		2C41554622A7C62E00C51294 /* Info.plist */ = {isa = PBXFileReference; lastKnownFileType = text.plist.xml; path = Info.plist; sourceTree = "<group>"; };
		2C41554B22A7C62E00C51294 /* WalletKeystoreTests.xctest */ = {isa = PBXFileReference; explicitFileType = wrapper.cfbundle; includeInIndex = 0; path = WalletKeystoreTests.xctest; sourceTree = BUILT_PRODUCTS_DIR; };
		2C41555022A7C62E00C51294 /* WalletKeystoreTests.swift */ = {isa = PBXFileReference; lastKnownFileType = sourcecode.swift; path = WalletKeystoreTests.swift; sourceTree = "<group>"; };
		2C41555222A7C62E00C51294 /* Info.plist */ = {isa = PBXFileReference; lastKnownFileType = text.plist.xml; path = Info.plist; sourceTree = "<group>"; };
		43ED50A9B721EF338DF37382 /* Pods-WalletKeystore.release.xcconfig */ = {isa = PBXFileReference; includeInIndex = 1; lastKnownFileType = text.xcconfig; name = "Pods-WalletKeystore.release.xcconfig"; path = "Target Support Files/Pods-WalletKeystore/Pods-WalletKeystore.release.xcconfig"; sourceTree = "<group>"; };
		512A19DA06495113C8C154DF /* Pods_WalletKeystore.framework */ = {isa = PBXFileReference; explicitFileType = wrapper.framework; includeInIndex = 0; path = Pods_WalletKeystore.framework; sourceTree = BUILT_PRODUCTS_DIR; };
		60AAE5AEA49A39E96CDACD35 /* Pods_WalletKeystoreTests.framework */ = {isa = PBXFileReference; explicitFileType = wrapper.framework; includeInIndex = 0; path = Pods_WalletKeystoreTests.framework; sourceTree = BUILT_PRODUCTS_DIR; };
		841ABC6722AE579200F664EE /* KeyStore.swift */ = {isa = PBXFileReference; fileEncoding = 4; lastKnownFileType = sourcecode.swift; path = KeyStore.swift; sourceTree = "<group>"; };
		841ABC6822AE579200F664EE /* ScryptParams.swift */ = {isa = PBXFileReference; fileEncoding = 4; lastKnownFileType = sourcecode.swift; path = ScryptParams.swift; sourceTree = "<group>"; };
		841ABC6922AE579200F664EE /* KeystoreKey.swift */ = {isa = PBXFileReference; fileEncoding = 4; lastKnownFileType = sourcecode.swift; path = KeystoreKey.swift; sourceTree = "<group>"; };
		841ABC6A22AE579200F664EE /* KeyStore.Error.swift */ = {isa = PBXFileReference; fileEncoding = 4; lastKnownFileType = sourcecode.swift; path = KeyStore.Error.swift; sourceTree = "<group>"; };
		841ABC6B22AE579300F664EE /* KeystoreKeyHeader.swift */ = {isa = PBXFileReference; fileEncoding = 4; lastKnownFileType = sourcecode.swift; path = KeystoreKeyHeader.swift; sourceTree = "<group>"; };
		841ABC6C22AE579300F664EE /* Scrypt.swift */ = {isa = PBXFileReference; fileEncoding = 4; lastKnownFileType = sourcecode.swift; path = Scrypt.swift; sourceTree = "<group>"; };
		841ABC6D22AE579300F664EE /* Account.swift */ = {isa = PBXFileReference; fileEncoding = 4; lastKnownFileType = sourcecode.swift; path = Account.swift; sourceTree = "<group>"; };
		841ABC6E22AE579300F664EE /* Wallet.swift */ = {isa = PBXFileReference; fileEncoding = 4; lastKnownFileType = sourcecode.swift; path = Wallet.swift; sourceTree = "<group>"; };
		8AA9EB17988FBB9ED1A73542 /* Pods-WalletKeystoreTests.release.xcconfig */ = {isa = PBXFileReference; includeInIndex = 1; lastKnownFileType = text.xcconfig; name = "Pods-WalletKeystoreTests.release.xcconfig"; path = "Target Support Files/Pods-WalletKeystoreTests/Pods-WalletKeystoreTests.release.xcconfig"; sourceTree = "<group>"; };
		8DF3F09D7C45627FE9F05871 /* Pods-WalletKeystoreTests.debug.xcconfig */ = {isa = PBXFileReference; includeInIndex = 1; lastKnownFileType = text.xcconfig; name = "Pods-WalletKeystoreTests.debug.xcconfig"; path = "Target Support Files/Pods-WalletKeystoreTests/Pods-WalletKeystoreTests.debug.xcconfig"; sourceTree = "<group>"; };
		CE9E0A63AA07B8BF5AAC234D /* Pods-WalletKeystore.debug.xcconfig */ = {isa = PBXFileReference; includeInIndex = 1; lastKnownFileType = text.xcconfig; name = "Pods-WalletKeystore.debug.xcconfig"; path = "Target Support Files/Pods-WalletKeystore/Pods-WalletKeystore.debug.xcconfig"; sourceTree = "<group>"; };
/* End PBXFileReference section */

/* Begin PBXFrameworksBuildPhase section */
		2C41553F22A7C62E00C51294 /* Frameworks */ = {
			isa = PBXFrameworksBuildPhase;
			buildActionMask = 2147483647;
			files = (
				74C316A055122F5FA48D165A /* Pods_WalletKeystore.framework in Frameworks */,
			);
			runOnlyForDeploymentPostprocessing = 0;
		};
		2C41554822A7C62E00C51294 /* Frameworks */ = {
			isa = PBXFrameworksBuildPhase;
			buildActionMask = 2147483647;
			files = (
				2C41554C22A7C62E00C51294 /* WalletKeystore.framework in Frameworks */,
				F57010C1B3A01E8AB7FADE63 /* Pods_WalletKeystoreTests.framework in Frameworks */,
			);
			runOnlyForDeploymentPostprocessing = 0;
		};
/* End PBXFrameworksBuildPhase section */

/* Begin PBXGroup section */
		2C41553822A7C62E00C51294 = {
			isa = PBXGroup;
			children = (
				2C41554422A7C62E00C51294 /* WalletKeystore */,
				2C41554F22A7C62E00C51294 /* WalletKeystoreTests */,
				2C41554322A7C62E00C51294 /* Products */,
				7F39DE749B1ADF8BD015EC3C /* Pods */,
				F1E4E97B230A3E4FBE1223B4 /* Frameworks */,
			);
			sourceTree = "<group>";
		};
		2C41554322A7C62E00C51294 /* Products */ = {
			isa = PBXGroup;
			children = (
				2C41554222A7C62E00C51294 /* WalletKeystore.framework */,
				2C41554B22A7C62E00C51294 /* WalletKeystoreTests.xctest */,
			);
			name = Products;
			sourceTree = "<group>";
		};
		2C41554422A7C62E00C51294 /* WalletKeystore */ = {
			isa = PBXGroup;
			children = (
				841ABC6D22AE579300F664EE /* Account.swift */,
				841ABC6A22AE579200F664EE /* KeyStore.Error.swift */,
				841ABC6722AE579200F664EE /* KeyStore.swift */,
				841ABC6922AE579200F664EE /* KeystoreKey.swift */,
				841ABC6B22AE579300F664EE /* KeystoreKeyHeader.swift */,
				841ABC6C22AE579300F664EE /* Scrypt.swift */,
				841ABC6822AE579200F664EE /* ScryptParams.swift */,
				841ABC6E22AE579300F664EE /* Wallet.swift */,
				2C41554522A7C62E00C51294 /* WalletKeystore.h */,
				2C41554622A7C62E00C51294 /* Info.plist */,
			);
			path = WalletKeystore;
			sourceTree = "<group>";
		};
		2C41554F22A7C62E00C51294 /* WalletKeystoreTests */ = {
			isa = PBXGroup;
			children = (
				2C41555022A7C62E00C51294 /* WalletKeystoreTests.swift */,
				2C41555222A7C62E00C51294 /* Info.plist */,
			);
			path = WalletKeystoreTests;
			sourceTree = "<group>";
		};
		7F39DE749B1ADF8BD015EC3C /* Pods */ = {
			isa = PBXGroup;
			children = (
				CE9E0A63AA07B8BF5AAC234D /* Pods-WalletKeystore.debug.xcconfig */,
				43ED50A9B721EF338DF37382 /* Pods-WalletKeystore.release.xcconfig */,
				8DF3F09D7C45627FE9F05871 /* Pods-WalletKeystoreTests.debug.xcconfig */,
				8AA9EB17988FBB9ED1A73542 /* Pods-WalletKeystoreTests.release.xcconfig */,
			);
			path = Pods;
			sourceTree = "<group>";
		};
		F1E4E97B230A3E4FBE1223B4 /* Frameworks */ = {
			isa = PBXGroup;
			children = (
				512A19DA06495113C8C154DF /* Pods_WalletKeystore.framework */,
				60AAE5AEA49A39E96CDACD35 /* Pods_WalletKeystoreTests.framework */,
			);
			name = Frameworks;
			sourceTree = "<group>";
		};
/* End PBXGroup section */

/* Begin PBXHeadersBuildPhase section */
		2C41553D22A7C62E00C51294 /* Headers */ = {
			isa = PBXHeadersBuildPhase;
			buildActionMask = 2147483647;
			files = (
				2C41555322A7C62E00C51294 /* WalletKeystore.h in Headers */,
			);
			runOnlyForDeploymentPostprocessing = 0;
		};
/* End PBXHeadersBuildPhase section */

/* Begin PBXNativeTarget section */
		2C41554122A7C62E00C51294 /* WalletKeystore */ = {
			isa = PBXNativeTarget;
			buildConfigurationList = 2C41555622A7C62E00C51294 /* Build configuration list for PBXNativeTarget "WalletKeystore" */;
			buildPhases = (
				F0BBB5CBE98A5215F43E2769 /* [CP] Check Pods Manifest.lock */,
				2C41553D22A7C62E00C51294 /* Headers */,
				2C41553E22A7C62E00C51294 /* Sources */,
				2C41553F22A7C62E00C51294 /* Frameworks */,
				2C41554022A7C62E00C51294 /* Resources */,
			);
			buildRules = (
			);
			dependencies = (
			);
			name = WalletKeystore;
			productName = WalletKeystore;
			productReference = 2C41554222A7C62E00C51294 /* WalletKeystore.framework */;
			productType = "com.apple.product-type.framework";
		};
		2C41554A22A7C62E00C51294 /* WalletKeystoreTests */ = {
			isa = PBXNativeTarget;
			buildConfigurationList = 2C41555922A7C62E00C51294 /* Build configuration list for PBXNativeTarget "WalletKeystoreTests" */;
			buildPhases = (
				5366167B6E273EF8B5904FDF /* [CP] Check Pods Manifest.lock */,
				2C41554722A7C62E00C51294 /* Sources */,
				2C41554822A7C62E00C51294 /* Frameworks */,
				2C41554922A7C62E00C51294 /* Resources */,
			);
			buildRules = (
			);
			dependencies = (
				2C41554E22A7C62E00C51294 /* PBXTargetDependency */,
			);
			name = WalletKeystoreTests;
			productName = WalletKeystoreTests;
			productReference = 2C41554B22A7C62E00C51294 /* WalletKeystoreTests.xctest */;
			productType = "com.apple.product-type.bundle.unit-test";
		};
/* End PBXNativeTarget section */

/* Begin PBXProject section */
		2C41553922A7C62E00C51294 /* Project object */ = {
			isa = PBXProject;
			attributes = {
				LastSwiftUpdateCheck = 1010;
				LastUpgradeCheck = 1010;
				ORGANIZATIONNAME = "Can Dang";
				TargetAttributes = {
					2C41554122A7C62E00C51294 = {
						CreatedOnToolsVersion = 10.1;
						LastSwiftMigration = 1020;
					};
					2C41554A22A7C62E00C51294 = {
						CreatedOnToolsVersion = 10.1;
					};
				};
			};
			buildConfigurationList = 2C41553C22A7C62E00C51294 /* Build configuration list for PBXProject "WalletKeystore" */;
			compatibilityVersion = "Xcode 9.3";
			developmentRegion = en;
			hasScannedForEncodings = 0;
			knownRegions = (
				en,
			);
			mainGroup = 2C41553822A7C62E00C51294;
			productRefGroup = 2C41554322A7C62E00C51294 /* Products */;
			projectDirPath = "";
			projectRoot = "";
			targets = (
				2C41554122A7C62E00C51294 /* WalletKeystore */,
				2C41554A22A7C62E00C51294 /* WalletKeystoreTests */,
			);
		};
/* End PBXProject section */

/* Begin PBXResourcesBuildPhase section */
		2C41554022A7C62E00C51294 /* Resources */ = {
			isa = PBXResourcesBuildPhase;
			buildActionMask = 2147483647;
			files = (
			);
			runOnlyForDeploymentPostprocessing = 0;
		};
		2C41554922A7C62E00C51294 /* Resources */ = {
			isa = PBXResourcesBuildPhase;
			buildActionMask = 2147483647;
			files = (
			);
			runOnlyForDeploymentPostprocessing = 0;
		};
/* End PBXResourcesBuildPhase section */

/* Begin PBXShellScriptBuildPhase section */
		5366167B6E273EF8B5904FDF /* [CP] Check Pods Manifest.lock */ = {
			isa = PBXShellScriptBuildPhase;
			buildActionMask = 2147483647;
			files = (
			);
			inputFileListPaths = (
			);
			inputPaths = (
				"${PODS_PODFILE_DIR_PATH}/Podfile.lock",
				"${PODS_ROOT}/Manifest.lock",
			);
			name = "[CP] Check Pods Manifest.lock";
			outputFileListPaths = (
			);
			outputPaths = (
				"$(DERIVED_FILE_DIR)/Pods-WalletKeystoreTests-checkManifestLockResult.txt",
			);
			runOnlyForDeploymentPostprocessing = 0;
			shellPath = /bin/sh;
			shellScript = "diff \"${PODS_PODFILE_DIR_PATH}/Podfile.lock\" \"${PODS_ROOT}/Manifest.lock\" > /dev/null\nif [ $? != 0 ] ; then\n    # print error to STDERR\n    echo \"error: The sandbox is not in sync with the Podfile.lock. Run 'pod install' or update your CocoaPods installation.\" >&2\n    exit 1\nfi\n# This output is used by Xcode 'outputs' to avoid re-running this script phase.\necho \"SUCCESS\" > \"${SCRIPT_OUTPUT_FILE_0}\"\n";
			showEnvVarsInLog = 0;
		};
		F0BBB5CBE98A5215F43E2769 /* [CP] Check Pods Manifest.lock */ = {
			isa = PBXShellScriptBuildPhase;
			buildActionMask = 2147483647;
			files = (
			);
			inputFileListPaths = (
			);
			inputPaths = (
				"${PODS_PODFILE_DIR_PATH}/Podfile.lock",
				"${PODS_ROOT}/Manifest.lock",
			);
			name = "[CP] Check Pods Manifest.lock";
			outputFileListPaths = (
			);
			outputPaths = (
				"$(DERIVED_FILE_DIR)/Pods-WalletKeystore-checkManifestLockResult.txt",
			);
			runOnlyForDeploymentPostprocessing = 0;
			shellPath = /bin/sh;
			shellScript = "diff \"${PODS_PODFILE_DIR_PATH}/Podfile.lock\" \"${PODS_ROOT}/Manifest.lock\" > /dev/null\nif [ $? != 0 ] ; then\n    # print error to STDERR\n    echo \"error: The sandbox is not in sync with the Podfile.lock. Run 'pod install' or update your CocoaPods installation.\" >&2\n    exit 1\nfi\n# This output is used by Xcode 'outputs' to avoid re-running this script phase.\necho \"SUCCESS\" > \"${SCRIPT_OUTPUT_FILE_0}\"\n";
			showEnvVarsInLog = 0;
		};
/* End PBXShellScriptBuildPhase section */

/* Begin PBXSourcesBuildPhase section */
		2C41553E22A7C62E00C51294 /* Sources */ = {
			isa = PBXSourcesBuildPhase;
			buildActionMask = 2147483647;
			files = (
				841ABC7622AE579300F664EE /* Wallet.swift in Sources */,
				841ABC7422AE579300F664EE /* Scrypt.swift in Sources */,
				841ABC7122AE579300F664EE /* KeystoreKey.swift in Sources */,
				841ABC7222AE579300F664EE /* KeyStore.Error.swift in Sources */,
				841ABC7022AE579300F664EE /* ScryptParams.swift in Sources */,
				841ABC7322AE579300F664EE /* KeystoreKeyHeader.swift in Sources */,
				841ABC6F22AE579300F664EE /* KeyStore.swift in Sources */,
				841ABC7522AE579300F664EE /* Account.swift in Sources */,
			);
			runOnlyForDeploymentPostprocessing = 0;
		};
		2C41554722A7C62E00C51294 /* Sources */ = {
			isa = PBXSourcesBuildPhase;
			buildActionMask = 2147483647;
			files = (
				2C41555122A7C62E00C51294 /* WalletKeystoreTests.swift in Sources */,
			);
			runOnlyForDeploymentPostprocessing = 0;
		};
/* End PBXSourcesBuildPhase section */

/* Begin PBXTargetDependency section */
		2C41554E22A7C62E00C51294 /* PBXTargetDependency */ = {
			isa = PBXTargetDependency;
			target = 2C41554122A7C62E00C51294 /* WalletKeystore */;
			targetProxy = 2C41554D22A7C62E00C51294 /* PBXContainerItemProxy */;
		};
/* End PBXTargetDependency section */

/* Begin XCBuildConfiguration section */
		2C41555422A7C62E00C51294 /* Debug */ = {
			isa = XCBuildConfiguration;
			buildSettings = {
				ALWAYS_SEARCH_USER_PATHS = NO;
				CLANG_ANALYZER_NONNULL = YES;
				CLANG_ANALYZER_NUMBER_OBJECT_CONVERSION = YES_AGGRESSIVE;
				CLANG_CXX_LANGUAGE_STANDARD = "gnu++14";
				CLANG_CXX_LIBRARY = "libc++";
				CLANG_ENABLE_MODULES = YES;
				CLANG_ENABLE_OBJC_ARC = YES;
				CLANG_ENABLE_OBJC_WEAK = YES;
				CLANG_WARN_BLOCK_CAPTURE_AUTORELEASING = YES;
				CLANG_WARN_BOOL_CONVERSION = YES;
				CLANG_WARN_COMMA = YES;
				CLANG_WARN_CONSTANT_CONVERSION = YES;
				CLANG_WARN_DEPRECATED_OBJC_IMPLEMENTATIONS = YES;
				CLANG_WARN_DIRECT_OBJC_ISA_USAGE = YES_ERROR;
				CLANG_WARN_DOCUMENTATION_COMMENTS = YES;
				CLANG_WARN_EMPTY_BODY = YES;
				CLANG_WARN_ENUM_CONVERSION = YES;
				CLANG_WARN_INFINITE_RECURSION = YES;
				CLANG_WARN_INT_CONVERSION = YES;
				CLANG_WARN_NON_LITERAL_NULL_CONVERSION = YES;
				CLANG_WARN_OBJC_IMPLICIT_RETAIN_SELF = YES;
				CLANG_WARN_OBJC_LITERAL_CONVERSION = YES;
				CLANG_WARN_OBJC_ROOT_CLASS = YES_ERROR;
				CLANG_WARN_RANGE_LOOP_ANALYSIS = YES;
				CLANG_WARN_STRICT_PROTOTYPES = YES;
				CLANG_WARN_SUSPICIOUS_MOVE = YES;
				CLANG_WARN_UNGUARDED_AVAILABILITY = YES_AGGRESSIVE;
				CLANG_WARN_UNREACHABLE_CODE = YES;
				CLANG_WARN__DUPLICATE_METHOD_MATCH = YES;
				CODE_SIGN_IDENTITY = "iPhone Developer";
				COPY_PHASE_STRIP = NO;
				CURRENT_PROJECT_VERSION = 1;
				DEBUG_INFORMATION_FORMAT = dwarf;
				ENABLE_STRICT_OBJC_MSGSEND = YES;
				ENABLE_TESTABILITY = YES;
				GCC_C_LANGUAGE_STANDARD = gnu11;
				GCC_DYNAMIC_NO_PIC = NO;
				GCC_NO_COMMON_BLOCKS = YES;
				GCC_OPTIMIZATION_LEVEL = 0;
				GCC_PREPROCESSOR_DEFINITIONS = (
					"DEBUG=1",
					"$(inherited)",
				);
				GCC_WARN_64_TO_32_BIT_CONVERSION = YES;
				GCC_WARN_ABOUT_RETURN_TYPE = YES_ERROR;
				GCC_WARN_UNDECLARED_SELECTOR = YES;
				GCC_WARN_UNINITIALIZED_AUTOS = YES_AGGRESSIVE;
				GCC_WARN_UNUSED_FUNCTION = YES;
				GCC_WARN_UNUSED_VARIABLE = YES;
				IPHONEOS_DEPLOYMENT_TARGET = 12.1;
				MTL_ENABLE_DEBUG_INFO = INCLUDE_SOURCE;
				MTL_FAST_MATH = YES;
				ONLY_ACTIVE_ARCH = YES;
				SDKROOT = iphoneos;
				SWIFT_ACTIVE_COMPILATION_CONDITIONS = DEBUG;
				SWIFT_OPTIMIZATION_LEVEL = "-Onone";
				VERSIONING_SYSTEM = "apple-generic";
				VERSION_INFO_PREFIX = "";
			};
			name = Debug;
		};
		2C41555522A7C62E00C51294 /* Release */ = {
			isa = XCBuildConfiguration;
			buildSettings = {
				ALWAYS_SEARCH_USER_PATHS = NO;
				CLANG_ANALYZER_NONNULL = YES;
				CLANG_ANALYZER_NUMBER_OBJECT_CONVERSION = YES_AGGRESSIVE;
				CLANG_CXX_LANGUAGE_STANDARD = "gnu++14";
				CLANG_CXX_LIBRARY = "libc++";
				CLANG_ENABLE_MODULES = YES;
				CLANG_ENABLE_OBJC_ARC = YES;
				CLANG_ENABLE_OBJC_WEAK = YES;
				CLANG_WARN_BLOCK_CAPTURE_AUTORELEASING = YES;
				CLANG_WARN_BOOL_CONVERSION = YES;
				CLANG_WARN_COMMA = YES;
				CLANG_WARN_CONSTANT_CONVERSION = YES;
				CLANG_WARN_DEPRECATED_OBJC_IMPLEMENTATIONS = YES;
				CLANG_WARN_DIRECT_OBJC_ISA_USAGE = YES_ERROR;
				CLANG_WARN_DOCUMENTATION_COMMENTS = YES;
				CLANG_WARN_EMPTY_BODY = YES;
				CLANG_WARN_ENUM_CONVERSION = YES;
				CLANG_WARN_INFINITE_RECURSION = YES;
				CLANG_WARN_INT_CONVERSION = YES;
				CLANG_WARN_NON_LITERAL_NULL_CONVERSION = YES;
				CLANG_WARN_OBJC_IMPLICIT_RETAIN_SELF = YES;
				CLANG_WARN_OBJC_LITERAL_CONVERSION = YES;
				CLANG_WARN_OBJC_ROOT_CLASS = YES_ERROR;
				CLANG_WARN_RANGE_LOOP_ANALYSIS = YES;
				CLANG_WARN_STRICT_PROTOTYPES = YES;
				CLANG_WARN_SUSPICIOUS_MOVE = YES;
				CLANG_WARN_UNGUARDED_AVAILABILITY = YES_AGGRESSIVE;
				CLANG_WARN_UNREACHABLE_CODE = YES;
				CLANG_WARN__DUPLICATE_METHOD_MATCH = YES;
				CODE_SIGN_IDENTITY = "iPhone Developer";
				COPY_PHASE_STRIP = NO;
				CURRENT_PROJECT_VERSION = 1;
				DEBUG_INFORMATION_FORMAT = "dwarf-with-dsym";
				ENABLE_NS_ASSERTIONS = NO;
				ENABLE_STRICT_OBJC_MSGSEND = YES;
				GCC_C_LANGUAGE_STANDARD = gnu11;
				GCC_NO_COMMON_BLOCKS = YES;
				GCC_WARN_64_TO_32_BIT_CONVERSION = YES;
				GCC_WARN_ABOUT_RETURN_TYPE = YES_ERROR;
				GCC_WARN_UNDECLARED_SELECTOR = YES;
				GCC_WARN_UNINITIALIZED_AUTOS = YES_AGGRESSIVE;
				GCC_WARN_UNUSED_FUNCTION = YES;
				GCC_WARN_UNUSED_VARIABLE = YES;
				IPHONEOS_DEPLOYMENT_TARGET = 12.1;
				MTL_ENABLE_DEBUG_INFO = NO;
				MTL_FAST_MATH = YES;
				SDKROOT = iphoneos;
				SWIFT_COMPILATION_MODE = wholemodule;
				SWIFT_OPTIMIZATION_LEVEL = "-O";
				VALIDATE_PRODUCT = YES;
				VERSIONING_SYSTEM = "apple-generic";
				VERSION_INFO_PREFIX = "";
			};
			name = Release;
		};
		2C41555722A7C62E00C51294 /* Debug */ = {
			isa = XCBuildConfiguration;
			baseConfigurationReference = CE9E0A63AA07B8BF5AAC234D /* Pods-WalletKeystore.debug.xcconfig */;
			buildSettings = {
				CLANG_ENABLE_MODULES = YES;
				CODE_SIGN_IDENTITY = "";
				CODE_SIGN_STYLE = Automatic;
				DEFINES_MODULE = YES;
				DEVELOPMENT_TEAM = Y2YK2PND54;
				DYLIB_COMPATIBILITY_VERSION = 1;
				DYLIB_CURRENT_VERSION = 1;
				DYLIB_INSTALL_NAME_BASE = "@rpath";
				INFOPLIST_FILE = WalletKeystore/Info.plist;
				INSTALL_PATH = "$(LOCAL_LIBRARY_DIR)/Frameworks";
				LD_RUNPATH_SEARCH_PATHS = (
					"$(inherited)",
					"@executable_path/Frameworks",
					"@loader_path/Frameworks",
				);
				PRODUCT_BUNDLE_IDENTIFIER = com.tomochain.TestWalletCore.WalletKeystore;
				PRODUCT_NAME = "$(TARGET_NAME:c99extidentifier)";
				SKIP_INSTALL = YES;
				SWIFT_OPTIMIZATION_LEVEL = "-Onone";
				SWIFT_VERSION = 4.2;
				TARGETED_DEVICE_FAMILY = "1,2";
			};
			name = Debug;
		};
		2C41555822A7C62E00C51294 /* Release */ = {
			isa = XCBuildConfiguration;
			baseConfigurationReference = 43ED50A9B721EF338DF37382 /* Pods-WalletKeystore.release.xcconfig */;
			buildSettings = {
				CLANG_ENABLE_MODULES = YES;
				CODE_SIGN_IDENTITY = "";
				CODE_SIGN_STYLE = Automatic;
				DEFINES_MODULE = YES;
				DEVELOPMENT_TEAM = Y2YK2PND54;
				DYLIB_COMPATIBILITY_VERSION = 1;
				DYLIB_CURRENT_VERSION = 1;
				DYLIB_INSTALL_NAME_BASE = "@rpath";
				INFOPLIST_FILE = WalletKeystore/Info.plist;
				INSTALL_PATH = "$(LOCAL_LIBRARY_DIR)/Frameworks";
				LD_RUNPATH_SEARCH_PATHS = (
					"$(inherited)",
					"@executable_path/Frameworks",
					"@loader_path/Frameworks",
				);
				PRODUCT_BUNDLE_IDENTIFIER = com.tomochain.TestWalletCore.WalletKeystore;
				PRODUCT_NAME = "$(TARGET_NAME:c99extidentifier)";
				SKIP_INSTALL = YES;
				SWIFT_VERSION = 4.2;
				TARGETED_DEVICE_FAMILY = "1,2";
			};
			name = Release;
		};
		2C41555A22A7C62E00C51294 /* Debug */ = {
			isa = XCBuildConfiguration;
			baseConfigurationReference = 8DF3F09D7C45627FE9F05871 /* Pods-WalletKeystoreTests.debug.xcconfig */;
			buildSettings = {
				ALWAYS_EMBED_SWIFT_STANDARD_LIBRARIES = YES;
				CODE_SIGN_STYLE = Automatic;
				DEVELOPMENT_TEAM = Y2YK2PND54;
				INFOPLIST_FILE = WalletKeystoreTests/Info.plist;
				LD_RUNPATH_SEARCH_PATHS = (
					"$(inherited)",
					"@executable_path/Frameworks",
					"@loader_path/Frameworks",
				);
				PRODUCT_BUNDLE_IDENTIFIER = com.tomochain.TestWalletCore.WalletKeystoreTests;
				PRODUCT_NAME = "$(TARGET_NAME)";
				SWIFT_VERSION = 4.2;
				TARGETED_DEVICE_FAMILY = "1,2";
			};
			name = Debug;
		};
		2C41555B22A7C62E00C51294 /* Release */ = {
			isa = XCBuildConfiguration;
			baseConfigurationReference = 8AA9EB17988FBB9ED1A73542 /* Pods-WalletKeystoreTests.release.xcconfig */;
			buildSettings = {
				ALWAYS_EMBED_SWIFT_STANDARD_LIBRARIES = YES;
				CODE_SIGN_STYLE = Automatic;
				DEVELOPMENT_TEAM = Y2YK2PND54;
				INFOPLIST_FILE = WalletKeystoreTests/Info.plist;
				LD_RUNPATH_SEARCH_PATHS = (
					"$(inherited)",
					"@executable_path/Frameworks",
					"@loader_path/Frameworks",
				);
				PRODUCT_BUNDLE_IDENTIFIER = com.tomochain.TestWalletCore.WalletKeystoreTests;
				PRODUCT_NAME = "$(TARGET_NAME)";
				SWIFT_VERSION = 4.2;
				TARGETED_DEVICE_FAMILY = "1,2";
			};
			name = Release;
		};
/* End XCBuildConfiguration section */

/* Begin XCConfigurationList section */
		2C41553C22A7C62E00C51294 /* Build configuration list for PBXProject "WalletKeystore" */ = {
			isa = XCConfigurationList;
			buildConfigurations = (
				2C41555422A7C62E00C51294 /* Debug */,
				2C41555522A7C62E00C51294 /* Release */,
			);
			defaultConfigurationIsVisible = 0;
			defaultConfigurationName = Release;
		};
		2C41555622A7C62E00C51294 /* Build configuration list for PBXNativeTarget "WalletKeystore" */ = {
			isa = XCConfigurationList;
			buildConfigurations = (
				2C41555722A7C62E00C51294 /* Debug */,
				2C41555822A7C62E00C51294 /* Release */,
			);
			defaultConfigurationIsVisible = 0;
			defaultConfigurationName = Release;
		};
		2C41555922A7C62E00C51294 /* Build configuration list for PBXNativeTarget "WalletKeystoreTests" */ = {
			isa = XCConfigurationList;
			buildConfigurations = (
				2C41555A22A7C62E00C51294 /* Debug */,
				2C41555B22A7C62E00C51294 /* Release */,
			);
			defaultConfigurationIsVisible = 0;
			defaultConfigurationName = Release;
		};
/* End XCConfigurationList section */
	};
	rootObject = 2C41553922A7C62E00C51294 /* Project object */;
}
